# This file was autogenerated by uv via the following command:
#    uv pip compile --universal --python-version 3.12 env/train/requirements.in -o env/train/requirements.lock
accelerate==1.15.0
    # via
    #   -r env/train/requirements.in
    #   peft
    #   trl
aiofiles==24.1.0
    # via aiperf
aiohappyeyeballs==2.7.1
    # via aiohttp
aiohttp==3.14.3
    # via
    #   aiperf
    #   fsspec
    #   kopf
    #   kubernetes-asyncio
    #   modal
aiosignal==1.4.0
    # via aiohttp
aiosqlite==0.22.1
    # via aiperf
aiperf==0.13.0
    # via -r env/train/requirements.in
alembic==1.20.0
    # via optuna
annotated-doc==0.0.5
    # via
    #   fastapi
    #   typer
annotated-types==0.8.0
    # via pydantic
anyio==4.15.1
    # via
    #   httpx
    #   starlette
    #   watchfiles
attrs==26.1.0
    # via
    #   aiohttp
    #   cyclopts
blinker==1.9.0
    # via flask
brotli==1.2.0 ; platform_python_implementation == 'CPython'
    # via starlette-compress
brotlicffi==1.2.0.2 ; platform_python_implementation != 'CPython'
    # via starlette-compress
cbor2==6.1.4
    # via modal
certifi==2026.7.22
    # via
    #   httpcore
    #   httpx
    #   kubernetes-asyncio
    #   modal
    #   requests
cffi==2.1.1
    # via
    #   brotlicffi
    #   pyzmq
    #   soundfile
charset-normalizer==3.5.2
    # via requests
choreographer==1.4.0
    # via kaleido
click==8.5.0
    # via
    #   flask
    #   huggingface-hub
    #   kopf
    #   modal
    #   uvicorn
colorama==0.4.6 ; sys_platform == 'win32'
    # via
    #   colorlog
    #   pytest
    #   tqdm
    #   typer
colorlog==6.12.0
    # via optuna
contourpy==1.4.0
    # via matplotlib
crick==0.0.8
    # via aiperf
cuda-bindings==13.4.3 ; python_full_version < '3.15' and sys_platform == 'linux'
    # via torch
cuda-pathfinder==1.8.2 ; python_full_version < '3.15' and sys_platform == 'linux'
    # via cuda-bindings
cuda-toolkit==13.0.3.0 ; sys_platform == 'linux'
    # via torch
cycler==0.12.1
    # via matplotlib
cyclopts==4.25.3
    # via aiperf
dash==3.1.1
    # via
    #   aiperf
    #   dash-bootstrap-components
dash-bootstrap-components==2.0.4
    # via aiperf
datasets==5.0.1
    # via
    #   -r env/train/requirements.in
    #   aiperf
    #   trl
dill==0.4.1
    # via
    #   datasets
    #   multiprocess
docstring-parser==0.18.0
    # via cyclopts
fastapi==0.142.2
    # via aiperf
ffmpeg-python==0.2.0
    # via aiperf
filelock==4.0.7
    # via
    #   aiperf
    #   datasets
    #   huggingface-hub
    #   torch
flask==3.1.3
    # via dash
fonttools==4.66.1
    # via matplotlib
frozenlist==1.8.0
    # via
    #   aiohttp
    #   aiosignal
fsspec==2026.6.0
    # via
    #   datasets
    #   huggingface-hub
    #   torch
future==1.0.0
    # via ffmpeg-python
grpclib==0.4.9
    # via modal
h11==0.16.0
    # via
    #   httpcore
    #   uvicorn
h2==4.4.1
    # via grpclib
hf-xet==1.6.0 ; platform_machine == 'AMD64' or platform_machine == 'aarch64' or platform_machine == 'amd64' or platform_machine == 'arm64' or platform_machine == 'x86_64'
    # via huggingface-hub
hpack==4.2.0
    # via h2
httpcore==1.0.9
    # via httpx
httptools==0.8.0
    # via uvicorn
httpx==0.28.1
    # via
    #   datasets
    #   huggingface-hub
huggingface-hub==1.33.0
    # via
    #   accelerate
    #   aiperf
    #   datasets
    #   peft
    #   tokenizers
    #   transformers
hyperframe==6.1.0
    # via h2
idna==3.20
    # via
    #   anyio
    #   httpx
    #   requests
    #   yarl
importlib-metadata==9.0.1
    # via dash
iniconfig==2.3.0
    # via pytest
iso8601==2.1.0
    # via kopf
itsdangerous==2.2.0
    # via flask
jinja2==3.1.6
    # via
    #   aiperf
    #   flask
    #   torch
    #   trl
jmespath==1.0.1
    # via aiperf
jsonpatch==1.33
    # via kopf
jsonpointer==3.1.1
    # via jsonpatch
kaleido==1.2.0
    # via aiperf
kiwisolver==1.5.1
    # via matplotlib
kopf==1.44.6
    # via aiperf
kubernetes-asyncio==32.3.2
    # via aiperf
linkify-it-py==2.2.0
    # via markdown-it-py
logistro==2.0.1
    # via
    #   choreographer
    #   kaleido
mako==1.4.3
    # via alembic
markdown-it-py==4.2.0
    # via
    #   mdit-py-plugins
    #   rich
    #   textual
markupsafe==3.0.3
    # via
    #   flask
    #   jinja2
    #   mako
    #   werkzeug
matplotlib==3.11.2
    # via
    #   aiperf
    #   seaborn
mdit-py-plugins==0.6.1
    # via markdown-it-py
mdurl==0.1.2
    # via markdown-it-py
modal==1.6.0
    # via -r env/train/requirements.in
mpmath==1.3.0
    # via sympy
msgspec==0.22.0
    # via aiperf
multidict==6.9.1
    # via
    #   aiohttp
    #   grpclib
    #   yarl
multiprocess==0.70.19
    # via datasets
narwhals==2.26.0
    # via plotly
nest-asyncio==1.6.0
    # via dash
networkx==3.7
    # via torch
numpy==2.5.3
    # via
    #   accelerate
    #   aiperf
    #   contourpy
    #   datasets
    #   matplotlib
    #   optuna
    #   pandas
    #   peft
    #   scipy
    #   seaborn
    #   soundfile
    #   transformers
nvidia-cublas==13.1.1.3 ; sys_platform == 'linux'
    # via
    #   cuda-toolkit
    #   nvidia-cudnn-cu13
    #   nvidia-cusolver
nvidia-cuda-cupti==13.0.85 ; (platform_machine == 'aarch64' and sys_platform == 'linux') or (platform_machine == 'x86_64' and sys_platform == 'linux')
    # via cuda-toolkit
nvidia-cuda-nvrtc==13.0.88 ; sys_platform == 'linux'
    # via
    #   cuda-toolkit
    #   nvidia-cublas
nvidia-cuda-runtime==13.0.96 ; (platform_machine == 'aarch64' and sys_platform == 'linux') or (platform_machine == 'x86_64' and sys_platform == 'linux')
    # via cuda-toolkit
nvidia-cudnn-cu13==9.24.0.43 ; sys_platform == 'linux'
    # via torch
nvidia-cufft==12.0.0.61 ; (platform_machine == 'aarch64' and sys_platform == 'linux') or (platform_machine == 'x86_64' and sys_platform == 'linux')
    # via cuda-toolkit
nvidia-cufile==1.15.1.6 ; (platform_machine == 'aarch64' and sys_platform == 'linux') or (platform_machine == 'x86_64' and sys_platform == 'linux')
    # via cuda-toolkit
nvidia-curand==10.4.0.35 ; (platform_machine == 'aarch64' and sys_platform == 'linux') or (platform_machine == 'x86_64' and sys_platform == 'linux')
    # via cuda-toolkit
nvidia-cusolver==12.0.4.66 ; (platform_machine == 'aarch64' and sys_platform == 'linux') or (platform_machine == 'x86_64' and sys_platform == 'linux')
    # via cuda-toolkit
nvidia-cusparse==12.6.3.3 ; (platform_machine == 'aarch64' and sys_platform == 'linux') or (platform_machine == 'x86_64' and sys_platform == 'linux')
    # via
    #   cuda-toolkit
    #   nvidia-cusolver
nvidia-cusparselt-cu13==0.8.1 ; sys_platform == 'linux'
    # via torch
nvidia-ml-py==13.615.71
    # via aiperf
nvidia-nccl-cu13==2.30.7 ; sys_platform == 'linux'
    # via torch
nvidia-nvjitlink==13.4.92 ; (platform_machine == 'aarch64' and sys_platform == 'linux') or (platform_machine == 'x86_64' and sys_platform == 'linux')
    # via
    #   cuda-toolkit
    #   nvidia-cufft
    #   nvidia-cusolver
    #   nvidia-cusparse
nvidia-nvshmem-cu13==3.4.5 ; sys_platform == 'linux'
    # via torch
nvidia-nvtx==13.0.85 ; (platform_machine == 'aarch64' and sys_platform == 'linux') or (platform_machine == 'x86_64' and sys_platform == 'linux')
    # via cuda-toolkit
opentelemetry-api==1.45.0
    # via fastapi
optuna==5.0.0
    # via aiperf
orjson==3.11.9
    # via
    #   aiperf
    #   kaleido
packaging==26.3
    # via
    #   accelerate
    #   datasets
    #   huggingface-hub
    #   kaleido
    #   matplotlib
    #   optuna
    #   peft
    #   plotly
    #   pytest
    #   transformers
    #   trl
pandas==2.3.3
    # via
    #   aiperf
    #   datasets
    #   seaborn
peft==0.21.1
    # via -r env/train/requirements.in
pillow==12.3.0
    # via
    #   aiperf
    #   matplotlib
platformdirs==4.12.2
    # via
    #   choreographer
    #   textual
plotly==6.4.0
    # via
    #   aiperf
    #   dash
pluggy==1.6.0
    # via pytest
prometheus-client==0.23.1
    # via aiperf
propcache==0.5.4
    # via
    #   aiohttp
    #   yarl
protobuf==6.33.6
    # via
    #   aiperf
    #   modal
psutil==7.0.0
    # via
    #   accelerate
    #   aiperf
    #   peft
pyarrow==25.0.1
    # via
    #   aiperf
    #   datasets
pycparser==3.0 ; implementation_name != 'PyPy'
    # via cffi
pydantic==2.13.5
    # via
    #   aiperf
    #   fastapi
    #   pydantic-settings
pydantic-core==2.46.5
    # via pydantic
pydantic-settings==2.15.0
    # via aiperf
pygments==2.21.0
    # via
    #   pytest
    #   rich
    #   rich-rst
    #   textual
pyparsing==3.3.3
    # via matplotlib
pytest==9.1.1
    # via pytest-timeout
pytest-timeout==2.4.0
    # via kaleido
python-dateutil==2.9.0.post0
    # via
    #   kubernetes-asyncio
    #   matplotlib
    #   pandas
python-dotenv==1.2.3
    # via
    #   pydantic-settings
    #   uvicorn
python-json-logger==4.2.0
    # via kopf
python-multipart==0.0.32
    # via aiperf
pytz==2026.4
    # via pandas
pyyaml==6.0.3
    # via
    #   accelerate
    #   datasets
    #   huggingface-hub
    #   kopf
    #   kubernetes-asyncio
    #   optuna
    #   peft
    #   transformers
    #   uvicorn
pyzmq==26.4.0
    # via aiperf
regex==2026.9.29
    # via
    #   tiktoken
    #   transformers
requests==2.34.2
    # via
    #   dash
    #   datasets
    #   tiktoken
retrying==1.4.2
    # via dash
rich==14.1.0
    # via
    #   aiperf
    #   cyclopts
    #   modal
    #   rich-rst
    #   textual
    #   typer
rich-rst==2.2.0
    # via cyclopts
ruamel-yaml==0.18.17
    # via aiperf
ruamel-yaml-clib==0.2.15 ; python_full_version < '3.15' and platform_python_implementation == 'CPython'
    # via ruamel-yaml
safetensors==0.8.0
    # via
    #   accelerate
    #   peft
    #   transformers
scipy==1.18.1
    # via aiperf
seaborn==0.13.2
    # via aiperf
sentencepiece==0.2.2
    # via aiperf
setproctitle==1.3.7
    # via aiperf
setuptools==84.0.0
    # via
    #   dash
    #   torch
shellingham==1.5.4
    # via typer
simplejson==4.1.2
    # via choreographer
six==1.17.0
    # via
    #   kubernetes-asyncio
    #   python-dateutil
soundfile==0.13.1
    # via aiperf
sqlalchemy==2.1.1
    # via
    #   alembic
    #   optuna
starlette==1.7.0
    # via
    #   fastapi
    #   starlette-compress
starlette-compress==1.8.0
    # via aiperf
sympy==1.14.0
    # via torch
synchronicity==0.12.5
    # via modal
textual==5.3.0
    # via aiperf
tiktoken==0.14.0
    # via aiperf
tokenizers==0.23.2
    # via transformers
toml==0.10.2
    # via modal
torch==2.14.1
    # via
    #   -r env/train/requirements.in
    #   accelerate
    #   peft
tqdm==4.70.1
    # via
    #   aiperf
    #   datasets
    #   huggingface-hub
    #   optuna
    #   peft
    #   transformers
transformers==5.18.0
    # via
    #   -r env/train/requirements.in
    #   aiperf
    #   peft
    #   trl
triton==3.8.0 ; python_full_version < '3.15' and sys_platform == 'linux'
    # via torch
trl==1.14.1
    # via -r env/train/requirements.in
typer==0.27.2
    # via transformers
types-certifi==2021.10.8.3
    # via modal
types-toml==0.10.8.20260518
    # via modal
typing-extensions==4.16.0
    # via
    #   aiohttp
    #   aiosignal
    #   alembic
    #   anyio
    #   dash
    #   fastapi
    #   huggingface-hub
    #   modal
    #   opentelemetry-api
    #   pydantic
    #   pydantic-core
    #   sqlalchemy
    #   starlette
    #   synchronicity
    #   textual
    #   torch
    #   typing-inspection
typing-inspection==0.4.4
    # via
    #   fastapi
    #   pydantic
    #   pydantic-settings
tzdata==2026.4
    # via pandas
urllib3==2.8.0
    # via
    #   kubernetes-asyncio
    #   requests
uvicorn==0.54.0
    # via aiperf
uvloop==0.22.1 ; sys_platform != 'win32'
    # via
    #   aiperf
    #   uvicorn
watchfiles==1.3.0
    # via
    #   modal
    #   uvicorn
websockets==17.1
    # via uvicorn
werkzeug==3.1.9
    # via
    #   dash
    #   flask
xxhash==4.0.1
    # via datasets
yarl==1.25.1
    # via aiohttp
zipp==4.1.0
    # via importlib-metadata
zstandard==0.25.0
    # via
    #   aiperf
    #   starlette-compress
